
Microsoft Visual Studio Solution File, Format Version 12.00
# Visual Studio 15
VisualStudioVersion = 15.0.28010.2026
MinimumVisualStudioVersion = 10.0.40219.1
Project("{FAE04EC0-301F-11D3-BF4B-00C04F79EFBC}") = "MVCDemo", "MVCDemo\MVCDemo.csproj", "{366A854A-E928-49DA-B1D5-32B278C7E1EB}"
EndProject
Global
	GlobalSection(SolutionConfigurationPlatforms) = preSolution
		Debug|Any CPU = Debug|Any CPU
		Release|Any CPU = Release|Any CPU
	EndGlobalSection
	GlobalSection(ProjectConfigurationPlatforms) = postSolution
		{366A854A-E928-49DA-B1D5-32B278C7E1EB}.Debug|Any CPU.ActiveCfg = Debug|Any CPU
		{366A854A-E928-49DA-B1D5-32B278C7E1EB}.Debug|Any CPU.Build.0 = Debug|Any CPU
		{366A854A-E928-49DA-B1D5-32B278C7E1EB}.Release|Any CPU.ActiveCfg = Release|Any CPU
		{366A854A-E928-49DA-B1D5-32B278C7E1EB}.Release|Any CPU.Build.0 = Release|Any CPU
	EndGlobalSection
	GlobalSection(SolutionProperties) = preSolution
		HideSolutionNode = FALSE
	EndGlobalSection
	GlobalSection(ExtensibilityGlobals) = postSolution
		SolutionGuid = {2A85259B-9F9E-4257-B3CC-074C38410741}
	EndGlobalSection
EndGlobal
